
Microsoft Visual Studio Solution File, Format Version 12.00
# Visual Studio Version 17
VisualStudioVersion = 17.3.32901.215
MinimumVisualStudioVersion = 10.0.40219.1
Project("{FAE04EC0-301F-11D3-BF4B-00C04F79EFBC}") = "demoapp", "demoapp\demoapp.csproj", "{C007DF9C-7CB0-44BF-BE88-F235C5D242AB}"
EndProject
Global
	GlobalSection(SolutionConfigurationPlatforms) = preSolution
		Debug|Any CPU = Debug|Any CPU
		Release|Any CPU = Release|Any CPU
	EndGlobalSection
	GlobalSection(ProjectConfigurationPlatforms) = postSolution
		{C007DF9C-7CB0-44BF-BE88-F235C5D242AB}.Debug|Any CPU.ActiveCfg = Debug|Any CPU
		{C007DF9C-7CB0-44BF-BE88-F235C5D242AB}.Debug|Any CPU.Build.0 = Debug|Any CPU
		{C007DF9C-7CB0-44BF-BE88-F235C5D242AB}.Release|Any CPU.ActiveCfg = Release|Any CPU
		{C007DF9C-7CB0-44BF-BE88-F235C5D242AB}.Release|Any CPU.Build.0 = Release|Any CPU
	EndGlobalSection
	GlobalSection(SolutionProperties) = preSolution
		HideSolutionNode = FALSE
	EndGlobalSection
	GlobalSection(ExtensibilityGlobals) = postSolution
		SolutionGuid = {215B7E1B-85EE-414B-99EB-5FDF5FE1678C}
	EndGlobalSection
EndGlobal
